
Microsoft Visual Studio Solution File, Format Version 12.00
# Visual Studio 15
VisualStudioVersion = 15.0.27428.2015
MinimumVisualStudioVersion = 10.0.40219.1
Project("{FAE04EC0-301F-11D3-BF4B-00C04F79EFBC}") = "SDRSharp.Radio", "SDRSharp.Radio.csproj", "{A24DD927-34EF-4301-BDF3-42C872BC944E}"
EndProject
Global
	GlobalSection(SolutionConfigurationPlatforms) = preSolution
		Debug|Any CPU = Debug|Any CPU
		Release|Any CPU = Release|Any CPU
	EndGlobalSection
	GlobalSection(ProjectConfigurationPlatforms) = postSolution
		{A24DD927-34EF-4301-BDF3-42C872BC944E}.Debug|Any CPU.ActiveCfg = Debug|Any CPU
		{A24DD927-34EF-4301-BDF3-42C872BC944E}.Debug|Any CPU.Build.0 = Debug|Any CPU
		{A24DD927-34EF-4301-BDF3-42C872BC944E}.Release|Any CPU.ActiveCfg = Release|Any CPU
		{A24DD927-34EF-4301-BDF3-42C872BC944E}.Release|Any CPU.Build.0 = Release|Any CPU
	EndGlobalSection
	GlobalSection(SolutionProperties) = preSolution
		HideSolutionNode = FALSE
	EndGlobalSection
	GlobalSection(ExtensibilityGlobals) = postSolution
		SolutionGuid = {6BA50BE1-BD57-44A9-8AD3-3F881F01F86F}
	EndGlobalSection
EndGlobal
